
Microsoft Visual Studio Solution File, Format Version 12.00
# Visual Studio 2012
Project("{FAE04EC0-301F-11D3-BF4B-00C04F79EFBC}") = "01. SumOfThreeNumbers", "01. SumOfThreeNumbers\01. SumOfThreeNumbers.csproj", "{28C6B18A-E94E-403C-B35C-2C296C5A314F}"
EndProject
Project("{FAE04EC0-301F-11D3-BF4B-00C04F79EFBC}") = "02. PrintCompanyInformation", "02. PrintCompanyInformation\02. PrintCompanyInformation.csproj", "{FEECAD00-8A32-4519-A060-1AE17723E7FB}"
EndProject
Project("{FAE04EC0-301F-11D3-BF4B-00C04F79EFBC}") = "03. CirclePerimeterAndArea", "03. CirclePerimeterAndArea\03. CirclePerimeterAndArea.csproj", "{AC5AF390-6A09-4A56-A157-5A6C26938111}"
EndProject
Project("{FAE04EC0-301F-11D3-BF4B-00C04F79EFBC}") = "04. NumberComparer", "04. NumberComparer\04. NumberComparer.csproj", "{171253DA-58C7-47AB-8B8A-902A780F3FFD}"
EndProject
Project("{FAE04EC0-301F-11D3-BF4B-00C04F79EFBC}") = "05. FormatingNumbers", "05. FormatingNumbers\05. FormatingNumbers.csproj", "{2508A665-62A7-4437-900D-9AF96EF6A72F}"
EndProject
Project("{FAE04EC0-301F-11D3-BF4B-00C04F79EFBC}") = "06. QuadraticEquation", "06. QuadraticEquation\06. QuadraticEquation.csproj", "{A0A2D2A8-588E-4D76-982F-F2199F005EFC}"
EndProject
Project("{FAE04EC0-301F-11D3-BF4B-00C04F79EFBC}") = "07. SumFiveNumbers", "07. SumFiveNumbers\07. SumFiveNumbers.csproj", "{F795E054-4F83-4F12-A5FC-867A93291BB9}"
EndProject
Project("{FAE04EC0-301F-11D3-BF4B-00C04F79EFBC}") = "08. NumbersFromOneToN", "08. NumbersFromOneToN\08. NumbersFromOneToN.csproj", "{1C715D6B-7025-4E3E-89E7-3F9C5F7E3D19}"
EndProject
Project("{FAE04EC0-301F-11D3-BF4B-00C04F79EFBC}") = "09. SumOfNumbers", "09. SumOfNumbers\09. SumOfNumbers.csproj", "{5205986D-B9FC-4809-8E12-CD52EDE989F5}"
EndProject
Project("{FAE04EC0-301F-11D3-BF4B-00C04F79EFBC}") = "10. FibonacciNumbers", "10. FibonacciNumbers\10. FibonacciNumbers.csproj", "{D063E6AA-53B6-4234-8D07-EB04B081A46E}"
EndProject
Project("{FAE04EC0-301F-11D3-BF4B-00C04F79EFBC}") = "11. DiviadableNumbers", "11. DiviadableNumbers\11. DiviadableNumbers.csproj", "{C9F5F0E2-B432-4C66-BDFB-CC06BF4B812F}"
EndProject
Project("{FAE04EC0-301F-11D3-BF4B-00C04F79EFBC}") = "Falling Rocks - Game", "Falling Rocks - Game\Falling Rocks - Game.csproj", "{44CA8733-4038-47CC-A27F-98B086793B6D}"
EndProject
Project("{FAE04EC0-301F-11D3-BF4B-00C04F79EFBC}") = "12. ExamHours", "12. ExamHours\12. ExamHours.csproj", "{DCD56C9E-0F79-4481-9297-3538BBBE601D}"
EndProject
Project("{FAE04EC0-301F-11D3-BF4B-00C04F79EFBC}") = "13. SumOfElements", "13. SumOfElements\13. SumOfElements.csproj", "{FCFC0ADD-941E-4DF9-942F-BDB85EEE5ED6}"
EndProject
Project("{FAE04EC0-301F-11D3-BF4B-00C04F79EFBC}") = "14. NewHouse", "14. NewHouse\14. NewHouse.csproj", "{7735C6B5-5AEF-4D94-8EA7-49CC06D79BAE}"
EndProject
Global
	GlobalSection(SolutionConfigurationPlatforms) = preSolution
		Debug|Any CPU = Debug|Any CPU
		Release|Any CPU = Release|Any CPU
	EndGlobalSection
	GlobalSection(ProjectConfigurationPlatforms) = postSolution
		{28C6B18A-E94E-403C-B35C-2C296C5A314F}.Debug|Any CPU.ActiveCfg = Debug|Any CPU
		{28C6B18A-E94E-403C-B35C-2C296C5A314F}.Debug|Any CPU.Build.0 = Debug|Any CPU
		{28C6B18A-E94E-403C-B35C-2C296C5A314F}.Release|Any CPU.ActiveCfg = Release|Any CPU
		{28C6B18A-E94E-403C-B35C-2C296C5A314F}.Release|Any CPU.Build.0 = Release|Any CPU
		{FEECAD00-8A32-4519-A060-1AE17723E7FB}.Debug|Any CPU.ActiveCfg = Debug|Any CPU
		{FEECAD00-8A32-4519-A060-1AE17723E7FB}.Debug|Any CPU.Build.0 = Debug|Any CPU
		{FEECAD00-8A32-4519-A060-1AE17723E7FB}.Release|Any CPU.ActiveCfg = Release|Any CPU
		{FEECAD00-8A32-4519-A060-1AE17723E7FB}.Release|Any CPU.Build.0 = Release|Any CPU
		{AC5AF390-6A09-4A56-A157-5A6C26938111}.Debug|Any CPU.ActiveCfg = Debug|Any CPU
		{AC5AF390-6A09-4A56-A157-5A6C26938111}.Debug|Any CPU.Build.0 = Debug|Any CPU
		{AC5AF390-6A09-4A56-A157-5A6C26938111}.Release|Any CPU.ActiveCfg = Release|Any CPU
		{AC5AF390-6A09-4A56-A157-5A6C26938111}.Release|Any CPU.Build.0 = Release|Any CPU
		{171253DA-58C7-47AB-8B8A-902A780F3FFD}.Debug|Any CPU.ActiveCfg = Debug|Any CPU
		{171253DA-58C7-47AB-8B8A-902A780F3FFD}.Debug|Any CPU.Build.0 = Debug|Any CPU
		{171253DA-58C7-47AB-8B8A-902A780F3FFD}.Release|Any CPU.ActiveCfg = Release|Any CPU
		{171253DA-58C7-47AB-8B8A-902A780F3FFD}.Release|Any CPU.Build.0 = Release|Any CPU
		{2508A665-62A7-4437-900D-9AF96EF6A72F}.Debug|Any CPU.ActiveCfg = Debug|Any CPU
		{2508A665-62A7-4437-900D-9AF96EF6A72F}.Debug|Any CPU.Build.0 = Debug|Any CPU
		{2508A665-62A7-4437-900D-9AF96EF6A72F}.Release|Any CPU.ActiveCfg = Release|Any CPU
		{2508A665-62A7-4437-900D-9AF96EF6A72F}.Release|Any CPU.Build.0 = Release|Any CPU
		{A0A2D2A8-588E-4D76-982F-F2199F005EFC}.Debug|Any CPU.ActiveCfg = Debug|Any CPU
		{A0A2D2A8-588E-4D76-982F-F2199F005EFC}.Debug|Any CPU.Build.0 = Debug|Any CPU
		{A0A2D2A8-588E-4D76-982F-F2199F005EFC}.Release|Any CPU.ActiveCfg = Release|Any CPU
		{A0A2D2A8-588E-4D76-982F-F2199F005EFC}.Release|Any CPU.Build.0 = Release|Any CPU
		{F795E054-4F83-4F12-A5FC-867A93291BB9}.Debug|Any CPU.ActiveCfg = Debug|Any CPU
		{F795E054-4F83-4F12-A5FC-867A93291BB9}.Debug|Any CPU.Build.0 = Debug|Any CPU
		{F795E054-4F83-4F12-A5FC-867A93291BB9}.Release|Any CPU.ActiveCfg = Release|Any CPU
		{F795E054-4F83-4F12-A5FC-867A93291BB9}.Release|Any CPU.Build.0 = Release|Any CPU
		{1C715D6B-7025-4E3E-89E7-3F9C5F7E3D19}.Debug|Any CPU.ActiveCfg = Debug|Any CPU
		{1C715D6B-7025-4E3E-89E7-3F9C5F7E3D19}.Debug|Any CPU.Build.0 = Debug|Any CPU
		{1C715D6B-7025-4E3E-89E7-3F9C5F7E3D19}.Release|Any CPU.ActiveCfg = Release|Any CPU
		{1C715D6B-7025-4E3E-89E7-3F9C5F7E3D19}.Release|Any CPU.Build.0 = Release|Any CPU
		{5205986D-B9FC-4809-8E12-CD52EDE989F5}.Debug|Any CPU.ActiveCfg = Debug|Any CPU
		{5205986D-B9FC-4809-8E12-CD52EDE989F5}.Debug|Any CPU.Build.0 = Debug|Any CPU
		{5205986D-B9FC-4809-8E12-CD52EDE989F5}.Release|Any CPU.ActiveCfg = Release|Any CPU
		{5205986D-B9FC-4809-8E12-CD52EDE989F5}.Release|Any CPU.Build.0 = Release|Any CPU
		{D063E6AA-53B6-4234-8D07-EB04B081A46E}.Debug|Any CPU.ActiveCfg = Debug|Any CPU
		{D063E6AA-53B6-4234-8D07-EB04B081A46E}.Debug|Any CPU.Build.0 = Debug|Any CPU
		{D063E6AA-53B6-4234-8D07-EB04B081A46E}.Release|Any CPU.ActiveCfg = Release|Any CPU
		{D063E6AA-53B6-4234-8D07-EB04B081A46E}.Release|Any CPU.Build.0 = Release|Any CPU
		{C9F5F0E2-B432-4C66-BDFB-CC06BF4B812F}.Debug|Any CPU.ActiveCfg = Debug|Any CPU
		{C9F5F0E2-B432-4C66-BDFB-CC06BF4B812F}.Debug|Any CPU.Build.0 = Debug|Any CPU
		{C9F5F0E2-B432-4C66-BDFB-CC06BF4B812F}.Release|Any CPU.ActiveCfg = Release|Any CPU
		{C9F5F0E2-B432-4C66-BDFB-CC06BF4B812F}.Release|Any CPU.Build.0 = Release|Any CPU
		{44CA8733-4038-47CC-A27F-98B086793B6D}.Debug|Any CPU.ActiveCfg = Debug|Any CPU
		{44CA8733-4038-47CC-A27F-98B086793B6D}.Debug|Any CPU.Build.0 = Debug|Any CPU
		{44CA8733-4038-47CC-A27F-98B086793B6D}.Release|Any CPU.ActiveCfg = Release|Any CPU
		{44CA8733-4038-47CC-A27F-98B086793B6D}.Release|Any CPU.Build.0 = Release|Any CPU
		{DCD56C9E-0F79-4481-9297-3538BBBE601D}.Debug|Any CPU.ActiveCfg = Debug|Any CPU
		{DCD56C9E-0F79-4481-9297-3538BBBE601D}.Debug|Any CPU.Build.0 = Debug|Any CPU
		{DCD56C9E-0F79-4481-9297-3538BBBE601D}.Release|Any CPU.ActiveCfg = Release|Any CPU
		{DCD56C9E-0F79-4481-9297-3538BBBE601D}.Release|Any CPU.Build.0 = Release|Any CPU
		{FCFC0ADD-941E-4DF9-942F-BDB85EEE5ED6}.Debug|Any CPU.ActiveCfg = Debug|Any CPU
		{FCFC0ADD-941E-4DF9-942F-BDB85EEE5ED6}.Debug|Any CPU.Build.0 = Debug|Any CPU
		{FCFC0ADD-941E-4DF9-942F-BDB85EEE5ED6}.Release|Any CPU.ActiveCfg = Release|Any CPU
		{FCFC0ADD-941E-4DF9-942F-BDB85EEE5ED6}.Release|Any CPU.Build.0 = Release|Any CPU
		{7735C6B5-5AEF-4D94-8EA7-49CC06D79BAE}.Debug|Any CPU.ActiveCfg = Debug|Any CPU
		{7735C6B5-5AEF-4D94-8EA7-49CC06D79BAE}.Debug|Any CPU.Build.0 = Debug|Any CPU
		{7735C6B5-5AEF-4D94-8EA7-49CC06D79BAE}.Release|Any CPU.ActiveCfg = Release|Any CPU
		{7735C6B5-5AEF-4D94-8EA7-49CC06D79BAE}.Release|Any CPU.Build.0 = Release|Any CPU
	EndGlobalSection
	GlobalSection(SolutionProperties) = preSolution
		HideSolutionNode = FALSE
	EndGlobalSection
EndGlobal
