
Microsoft Visual Studio Solution File, Format Version 12.00
# Visual Studio 14
VisualStudioVersion = 14.0.23107.0
MinimumVisualStudioVersion = 10.0.40219.1
Project("{FAE04EC0-301F-11D3-BF4B-00C04F79EFBC}") = "03. CategorizeNumbers", "03. CategorizeNumbers\03. CategorizeNumbers.csproj", "{4BD00FAC-40CD-4150-809C-591EDB20EA4D}"
EndProject
Project("{FAE04EC0-301F-11D3-BF4B-00C04F79EFBC}") = "04. Sequance of Strings", "04. Sequance of Strings\04. Sequance of Strings.csproj", "{B0A4F274-0203-4526-8E20-0A2E3CC436DE}"
EndProject
Project("{FAE04EC0-301F-11D3-BF4B-00C04F79EFBC}") = "01. SortArrayOfNumbers", "01. SortArrayOfNumbers\01. SortArrayOfNumbers.csproj", "{AAAF5D76-8F61-4C50-AE10-DC7070D938D4}"
EndProject
Project("{FAE04EC0-301F-11D3-BF4B-00C04F79EFBC}") = "02. SortArrayBySelectionSort", "02. SortArrayBySelectionSort\02. SortArrayBySelectionSort.csproj", "{6D9DF3D5-0990-48AA-8516-BDD45AED8B6F}"
EndProject
Project("{FAE04EC0-301F-11D3-BF4B-00C04F79EFBC}") = "05. LongestIncreasingSequence", "05. LongestIncreasingSequence\05. LongestIncreasingSequence.csproj", "{2ECAE484-BE05-4DEC-A08D-7C4C80CD729C}"
EndProject
Project("{FAE04EC0-301F-11D3-BF4B-00C04F79EFBC}") = "06. Subset Sums", "06. Subset Sums\06. Subset Sums.csproj", "{33B2461F-15D1-4765-9430-2F79A75A0D28}"
EndProject
Project("{FAE04EC0-301F-11D3-BF4B-00C04F79EFBC}") = "LongestIncreasingParctice", "LongestIncreasingParctice\LongestIncreasingParctice.csproj", "{C40AD20A-FD02-44F3-B158-0454B05C0EF7}"
EndProject
Global
	GlobalSection(SolutionConfigurationPlatforms) = preSolution
		Debug|Any CPU = Debug|Any CPU
		Release|Any CPU = Release|Any CPU
	EndGlobalSection
	GlobalSection(ProjectConfigurationPlatforms) = postSolution
		{4BD00FAC-40CD-4150-809C-591EDB20EA4D}.Debug|Any CPU.ActiveCfg = Debug|Any CPU
		{4BD00FAC-40CD-4150-809C-591EDB20EA4D}.Debug|Any CPU.Build.0 = Debug|Any CPU
		{4BD00FAC-40CD-4150-809C-591EDB20EA4D}.Release|Any CPU.ActiveCfg = Release|Any CPU
		{4BD00FAC-40CD-4150-809C-591EDB20EA4D}.Release|Any CPU.Build.0 = Release|Any CPU
		{B0A4F274-0203-4526-8E20-0A2E3CC436DE}.Debug|Any CPU.ActiveCfg = Debug|Any CPU
		{B0A4F274-0203-4526-8E20-0A2E3CC436DE}.Debug|Any CPU.Build.0 = Debug|Any CPU
		{B0A4F274-0203-4526-8E20-0A2E3CC436DE}.Release|Any CPU.ActiveCfg = Release|Any CPU
		{B0A4F274-0203-4526-8E20-0A2E3CC436DE}.Release|Any CPU.Build.0 = Release|Any CPU
		{AAAF5D76-8F61-4C50-AE10-DC7070D938D4}.Debug|Any CPU.ActiveCfg = Debug|Any CPU
		{AAAF5D76-8F61-4C50-AE10-DC7070D938D4}.Debug|Any CPU.Build.0 = Debug|Any CPU
		{AAAF5D76-8F61-4C50-AE10-DC7070D938D4}.Release|Any CPU.ActiveCfg = Release|Any CPU
		{AAAF5D76-8F61-4C50-AE10-DC7070D938D4}.Release|Any CPU.Build.0 = Release|Any CPU
		{6D9DF3D5-0990-48AA-8516-BDD45AED8B6F}.Debug|Any CPU.ActiveCfg = Debug|Any CPU
		{6D9DF3D5-0990-48AA-8516-BDD45AED8B6F}.Debug|Any CPU.Build.0 = Debug|Any CPU
		{6D9DF3D5-0990-48AA-8516-BDD45AED8B6F}.Release|Any CPU.ActiveCfg = Release|Any CPU
		{6D9DF3D5-0990-48AA-8516-BDD45AED8B6F}.Release|Any CPU.Build.0 = Release|Any CPU
		{2ECAE484-BE05-4DEC-A08D-7C4C80CD729C}.Debug|Any CPU.ActiveCfg = Debug|Any CPU
		{2ECAE484-BE05-4DEC-A08D-7C4C80CD729C}.Debug|Any CPU.Build.0 = Debug|Any CPU
		{2ECAE484-BE05-4DEC-A08D-7C4C80CD729C}.Release|Any CPU.ActiveCfg = Release|Any CPU
		{2ECAE484-BE05-4DEC-A08D-7C4C80CD729C}.Release|Any CPU.Build.0 = Release|Any CPU
		{33B2461F-15D1-4765-9430-2F79A75A0D28}.Debug|Any CPU.ActiveCfg = Debug|Any CPU
		{33B2461F-15D1-4765-9430-2F79A75A0D28}.Debug|Any CPU.Build.0 = Debug|Any CPU
		{33B2461F-15D1-4765-9430-2F79A75A0D28}.Release|Any CPU.ActiveCfg = Release|Any CPU
		{33B2461F-15D1-4765-9430-2F79A75A0D28}.Release|Any CPU.Build.0 = Release|Any CPU
		{C40AD20A-FD02-44F3-B158-0454B05C0EF7}.Debug|Any CPU.ActiveCfg = Debug|Any CPU
		{C40AD20A-FD02-44F3-B158-0454B05C0EF7}.Debug|Any CPU.Build.0 = Debug|Any CPU
		{C40AD20A-FD02-44F3-B158-0454B05C0EF7}.Release|Any CPU.ActiveCfg = Release|Any CPU
		{C40AD20A-FD02-44F3-B158-0454B05C0EF7}.Release|Any CPU.Build.0 = Release|Any CPU
	EndGlobalSection
	GlobalSection(SolutionProperties) = preSolution
		HideSolutionNode = FALSE
	EndGlobalSection
EndGlobal
