
Microsoft Visual Studio Solution File, Format Version 12.00
# Visual Studio 14
VisualStudioVersion = 14.0.23107.0
MinimumVisualStudioVersion = 10.0.40219.1
Project("{FAE04EC0-301F-11D3-BF4B-00C04F79EFBC}") = "02. BonusScore", "02. BonusScore\02. BonusScore.csproj", "{9B9668BB-5AB0-437B-A13A-06AA3AFA7B77}"
EndProject
Project("{FAE04EC0-301F-11D3-BF4B-00C04F79EFBC}") = "03. CheckForPlayCard", "03. CheckForPlayCard\03. CheckForPlayCard.csproj", "{D11C8FC0-E375-4D88-9A37-925CE6E74DB3}"
EndProject
Project("{FAE04EC0-301F-11D3-BF4B-00C04F79EFBC}") = "07. ThreeNumbersWithNestedIf's", "07. ThreeNumbersWithNestedIf's\07. ThreeNumbersWithNestedIf's.csproj", "{ADC56CAC-1E89-4834-B2B3-3F8F66E83EB1}"
EndProject
Project("{FAE04EC0-301F-11D3-BF4B-00C04F79EFBC}") = "04. MultiplicationSign", "04. MultiplicationSign\04. MultiplicationSign.csproj", "{2153C684-928F-4192-92A4-4892C66C635C}"
EndProject
Project("{FAE04EC0-301F-11D3-BF4B-00C04F79EFBC}") = "08. DigitAsAWord", "08. DigitAsAWord\08. DigitAsAWord.csproj", "{DC762BA4-6279-47A4-919D-B454F53C013C}"
EndProject
Project("{FAE04EC0-301F-11D3-BF4B-00C04F79EFBC}") = "09. User's Choice", "09. User's Choice\09. User's Choice.csproj", "{1B89BB94-60D5-4DB9-A1F0-F88AF11A97BF}"
EndProject
Project("{FAE04EC0-301F-11D3-BF4B-00C04F79EFBC}") = "10. Beer Time", "10. Beer Time\10. Beer Time.csproj", "{FEC8151D-E47F-4982-A4B8-65A62F602F5A}"
EndProject
Project("{FAE04EC0-301F-11D3-BF4B-00C04F79EFBC}") = "11. NumberAsWords", "11. NumberAsWords\11. NumberAsWords.csproj", "{D4F34058-974C-406B-A5F2-D475BF372E17}"
EndProject
Project("{FAE04EC0-301F-11D3-BF4B-00C04F79EFBC}") = "12. ZeroSubset", "12. ZeroSubset\12. ZeroSubset.csproj", "{7DEFDB7B-3823-4EF1-966A-B71313D783A8}"
EndProject
Project("{FAE04EC0-301F-11D3-BF4B-00C04F79EFBC}") = "Exam Problems. 01. Triangle", "Exam Problems. 01. Triangle\Exam Problems. 01. Triangle.csproj", "{65A29111-3CC8-429D-85C2-0098C15FC113}"
EndProject
Project("{FAE04EC0-301F-11D3-BF4B-00C04F79EFBC}") = "Exam Problems. 02. Pairs", "Exam Problems. 02. Pairs\Exam Problems. 02. Pairs.csproj", "{9936A4A1-9EC3-4B29-B1DC-096F1F4B4168}"
EndProject
Project("{FAE04EC0-301F-11D3-BF4B-00C04F79EFBC}") = "Exam Problems. 03. House", "Exam Problems. 03. House\Exam Problems. 03. House.csproj", "{B8063C1C-DCD8-4B78-81E5-B3A732AAF173}"
EndProject
Project("{FAE04EC0-301F-11D3-BF4B-00C04F79EFBC}") = "06. BiggestOf5Numbers", "08. BiggestOf5Numbers\06. BiggestOf5Numbers.csproj", "{A8BB9FE4-CA7C-4DBA-9137-25DA19B2F41E}"
EndProject
Project("{FAE04EC0-301F-11D3-BF4B-00C04F79EFBC}") = "05. BiggestOf3Numbers", "03. BiggestOf3Numbers\05. BiggestOf3Numbers.csproj", "{5527CD3F-B430-411F-871F-A2C246440466}"
EndProject
Project("{FAE04EC0-301F-11D3-BF4B-00C04F79EFBC}") = "01. ExchangeIfGreater", "02. ExchangeIfGreater\01. ExchangeIfGreater.csproj", "{D74A2992-DC20-452F-A928-6E3697554944}"
EndProject
Global
	GlobalSection(SolutionConfigurationPlatforms) = preSolution
		Debug|Any CPU = Debug|Any CPU
		Release|Any CPU = Release|Any CPU
	EndGlobalSection
	GlobalSection(ProjectConfigurationPlatforms) = postSolution
		{9B9668BB-5AB0-437B-A13A-06AA3AFA7B77}.Debug|Any CPU.ActiveCfg = Debug|Any CPU
		{9B9668BB-5AB0-437B-A13A-06AA3AFA7B77}.Debug|Any CPU.Build.0 = Debug|Any CPU
		{9B9668BB-5AB0-437B-A13A-06AA3AFA7B77}.Release|Any CPU.ActiveCfg = Release|Any CPU
		{9B9668BB-5AB0-437B-A13A-06AA3AFA7B77}.Release|Any CPU.Build.0 = Release|Any CPU
		{D11C8FC0-E375-4D88-9A37-925CE6E74DB3}.Debug|Any CPU.ActiveCfg = Debug|Any CPU
		{D11C8FC0-E375-4D88-9A37-925CE6E74DB3}.Debug|Any CPU.Build.0 = Debug|Any CPU
		{D11C8FC0-E375-4D88-9A37-925CE6E74DB3}.Release|Any CPU.ActiveCfg = Release|Any CPU
		{D11C8FC0-E375-4D88-9A37-925CE6E74DB3}.Release|Any CPU.Build.0 = Release|Any CPU
		{ADC56CAC-1E89-4834-B2B3-3F8F66E83EB1}.Debug|Any CPU.ActiveCfg = Debug|Any CPU
		{ADC56CAC-1E89-4834-B2B3-3F8F66E83EB1}.Debug|Any CPU.Build.0 = Debug|Any CPU
		{ADC56CAC-1E89-4834-B2B3-3F8F66E83EB1}.Release|Any CPU.ActiveCfg = Release|Any CPU
		{ADC56CAC-1E89-4834-B2B3-3F8F66E83EB1}.Release|Any CPU.Build.0 = Release|Any CPU
		{2153C684-928F-4192-92A4-4892C66C635C}.Debug|Any CPU.ActiveCfg = Debug|Any CPU
		{2153C684-928F-4192-92A4-4892C66C635C}.Debug|Any CPU.Build.0 = Debug|Any CPU
		{2153C684-928F-4192-92A4-4892C66C635C}.Release|Any CPU.ActiveCfg = Release|Any CPU
		{2153C684-928F-4192-92A4-4892C66C635C}.Release|Any CPU.Build.0 = Release|Any CPU
		{DC762BA4-6279-47A4-919D-B454F53C013C}.Debug|Any CPU.ActiveCfg = Debug|Any CPU
		{DC762BA4-6279-47A4-919D-B454F53C013C}.Debug|Any CPU.Build.0 = Debug|Any CPU
		{DC762BA4-6279-47A4-919D-B454F53C013C}.Release|Any CPU.ActiveCfg = Release|Any CPU
		{DC762BA4-6279-47A4-919D-B454F53C013C}.Release|Any CPU.Build.0 = Release|Any CPU
		{1B89BB94-60D5-4DB9-A1F0-F88AF11A97BF}.Debug|Any CPU.ActiveCfg = Debug|Any CPU
		{1B89BB94-60D5-4DB9-A1F0-F88AF11A97BF}.Debug|Any CPU.Build.0 = Debug|Any CPU
		{1B89BB94-60D5-4DB9-A1F0-F88AF11A97BF}.Release|Any CPU.ActiveCfg = Release|Any CPU
		{1B89BB94-60D5-4DB9-A1F0-F88AF11A97BF}.Release|Any CPU.Build.0 = Release|Any CPU
		{FEC8151D-E47F-4982-A4B8-65A62F602F5A}.Debug|Any CPU.ActiveCfg = Debug|Any CPU
		{FEC8151D-E47F-4982-A4B8-65A62F602F5A}.Debug|Any CPU.Build.0 = Debug|Any CPU
		{FEC8151D-E47F-4982-A4B8-65A62F602F5A}.Release|Any CPU.ActiveCfg = Release|Any CPU
		{FEC8151D-E47F-4982-A4B8-65A62F602F5A}.Release|Any CPU.Build.0 = Release|Any CPU
		{D4F34058-974C-406B-A5F2-D475BF372E17}.Debug|Any CPU.ActiveCfg = Debug|Any CPU
		{D4F34058-974C-406B-A5F2-D475BF372E17}.Debug|Any CPU.Build.0 = Debug|Any CPU
		{D4F34058-974C-406B-A5F2-D475BF372E17}.Release|Any CPU.ActiveCfg = Release|Any CPU
		{D4F34058-974C-406B-A5F2-D475BF372E17}.Release|Any CPU.Build.0 = Release|Any CPU
		{7DEFDB7B-3823-4EF1-966A-B71313D783A8}.Debug|Any CPU.ActiveCfg = Debug|Any CPU
		{7DEFDB7B-3823-4EF1-966A-B71313D783A8}.Debug|Any CPU.Build.0 = Debug|Any CPU
		{7DEFDB7B-3823-4EF1-966A-B71313D783A8}.Release|Any CPU.ActiveCfg = Release|Any CPU
		{7DEFDB7B-3823-4EF1-966A-B71313D783A8}.Release|Any CPU.Build.0 = Release|Any CPU
		{65A29111-3CC8-429D-85C2-0098C15FC113}.Debug|Any CPU.ActiveCfg = Debug|Any CPU
		{65A29111-3CC8-429D-85C2-0098C15FC113}.Debug|Any CPU.Build.0 = Debug|Any CPU
		{65A29111-3CC8-429D-85C2-0098C15FC113}.Release|Any CPU.ActiveCfg = Release|Any CPU
		{65A29111-3CC8-429D-85C2-0098C15FC113}.Release|Any CPU.Build.0 = Release|Any CPU
		{9936A4A1-9EC3-4B29-B1DC-096F1F4B4168}.Debug|Any CPU.ActiveCfg = Debug|Any CPU
		{9936A4A1-9EC3-4B29-B1DC-096F1F4B4168}.Debug|Any CPU.Build.0 = Debug|Any CPU
		{9936A4A1-9EC3-4B29-B1DC-096F1F4B4168}.Release|Any CPU.ActiveCfg = Release|Any CPU
		{9936A4A1-9EC3-4B29-B1DC-096F1F4B4168}.Release|Any CPU.Build.0 = Release|Any CPU
		{B8063C1C-DCD8-4B78-81E5-B3A732AAF173}.Debug|Any CPU.ActiveCfg = Debug|Any CPU
		{B8063C1C-DCD8-4B78-81E5-B3A732AAF173}.Debug|Any CPU.Build.0 = Debug|Any CPU
		{B8063C1C-DCD8-4B78-81E5-B3A732AAF173}.Release|Any CPU.ActiveCfg = Release|Any CPU
		{B8063C1C-DCD8-4B78-81E5-B3A732AAF173}.Release|Any CPU.Build.0 = Release|Any CPU
		{A8BB9FE4-CA7C-4DBA-9137-25DA19B2F41E}.Debug|Any CPU.ActiveCfg = Debug|Any CPU
		{A8BB9FE4-CA7C-4DBA-9137-25DA19B2F41E}.Debug|Any CPU.Build.0 = Debug|Any CPU
		{A8BB9FE4-CA7C-4DBA-9137-25DA19B2F41E}.Release|Any CPU.ActiveCfg = Release|Any CPU
		{A8BB9FE4-CA7C-4DBA-9137-25DA19B2F41E}.Release|Any CPU.Build.0 = Release|Any CPU
		{5527CD3F-B430-411F-871F-A2C246440466}.Debug|Any CPU.ActiveCfg = Debug|Any CPU
		{5527CD3F-B430-411F-871F-A2C246440466}.Debug|Any CPU.Build.0 = Debug|Any CPU
		{5527CD3F-B430-411F-871F-A2C246440466}.Release|Any CPU.ActiveCfg = Release|Any CPU
		{5527CD3F-B430-411F-871F-A2C246440466}.Release|Any CPU.Build.0 = Release|Any CPU
		{D74A2992-DC20-452F-A928-6E3697554944}.Debug|Any CPU.ActiveCfg = Debug|Any CPU
		{D74A2992-DC20-452F-A928-6E3697554944}.Debug|Any CPU.Build.0 = Debug|Any CPU
		{D74A2992-DC20-452F-A928-6E3697554944}.Release|Any CPU.ActiveCfg = Release|Any CPU
		{D74A2992-DC20-452F-A928-6E3697554944}.Release|Any CPU.Build.0 = Release|Any CPU
	EndGlobalSection
	GlobalSection(SolutionProperties) = preSolution
		HideSolutionNode = FALSE
	EndGlobalSection
EndGlobal
