
Microsoft Visual Studio Solution File, Format Version 12.00
# Visual Studio 2012
Project("{FAE04EC0-301F-11D3-BF4B-00C04F79EFBC}") = "01. DeclareVariables", "01. Declare Variables\01. DeclareVariables.csproj", "{353FC347-1E6F-46F1-9CFF-682A1E5CFA44}"
EndProject
Project("{FAE04EC0-301F-11D3-BF4B-00C04F79EFBC}") = "02 .FloatOrDouble", "FloatOrDouble\02 .FloatOrDouble.csproj", "{DAC21D6C-D9B3-4DFC-ADA8-422984F32CDE}"
EndProject
Project("{FAE04EC0-301F-11D3-BF4B-00C04F79EFBC}") = "03. VariableInHexFormat", "03. VariableInHexFormat\03. VariableInHexFormat.csproj", "{8F0986EF-C7EE-4E04-9955-91DA56F2D352}"
EndProject
Project("{FAE04EC0-301F-11D3-BF4B-00C04F79EFBC}") = "04. UnicodeCharacter", "04. UnicodeCharacter\04. UnicodeCharacter.csproj", "{41F05253-5AC5-4054-A14C-689043163E27}"
EndProject
Project("{FAE04EC0-301F-11D3-BF4B-00C04F79EFBC}") = "05. BooleanVariable", "05. BooleanVariable\05. BooleanVariable.csproj", "{5575E76C-0ED8-44EE-8CF7-F9EC9C613DE5}"
EndProject
Project("{FAE04EC0-301F-11D3-BF4B-00C04F79EFBC}") = "06. StringsAndObjects", "06. StringsAndObjects\06. StringsAndObjects.csproj", "{4372BB29-31E2-464B-BD49-6B6A4B2E692E}"
EndProject
Project("{FAE04EC0-301F-11D3-BF4B-00C04F79EFBC}") = "07. QuotesInStrings", "07. QuotesInStrings\07. QuotesInStrings.csproj", "{EFD840F0-C689-4EA2-AFBD-28FA53EC1CF6}"
EndProject
Project("{FAE04EC0-301F-11D3-BF4B-00C04F79EFBC}") = "08. IsoscelesTriangle", "ExchangeVariableValues\08. IsoscelesTriangle.csproj", "{A9712366-F479-44C7-A624-44D5E4681659}"
EndProject
Project("{FAE04EC0-301F-11D3-BF4B-00C04F79EFBC}") = "09. ExchangeVariableValues", "09. ExchangeVariableValues\09. ExchangeVariableValues.csproj", "{FD4C8D95-5D83-4FDE-8503-A0285F2690D1}"
EndProject
Project("{FAE04EC0-301F-11D3-BF4B-00C04F79EFBC}") = "10. Employee Data", "10. Employee Data\10. Employee Data.csproj", "{5EDC0761-2755-4410-AB39-DDF6E0D4370D}"
EndProject
Project("{FAE04EC0-301F-11D3-BF4B-00C04F79EFBC}") = "11. BankAccountData", "11. BankAccountData\11. BankAccountData.csproj", "{5493CE67-3F6B-48C0-85E5-B1FD6F11A59C}"
EndProject
Project("{FAE04EC0-301F-11D3-BF4B-00C04F79EFBC}") = "12. NullValuesArithmetic", "12. NullValuesArithmetic\12. NullValuesArithmetic.csproj", "{447CD55A-D09E-4534-A6C9-95E4EAA4E77B}"
EndProject
Project("{FAE04EC0-301F-11D3-BF4B-00C04F79EFBC}") = "13. ComparingFloats", "13. ComparingFloats\13. ComparingFloats.csproj", "{34EBB3E0-5B1C-49B0-8C32-BC212BDB65CF}"
EndProject
Project("{FAE04EC0-301F-11D3-BF4B-00C04F79EFBC}") = "14. PrintTheASCIITable", "14. PrintTheASCIITable\14. PrintTheASCIITable.csproj", "{7B48609A-3477-4D5D-AD29-071558CCEBC1}"
EndProject
Project("{FAE04EC0-301F-11D3-BF4B-00C04F79EFBC}") = "15. JoroTheFootballPlayer", "15. JoroTheFootballPlayer\15. JoroTheFootballPlayer.csproj", "{52B4F43F-CBAC-499E-8F60-487DE485492E}"
EndProject
Project("{FAE04EC0-301F-11D3-BF4B-00C04F79EFBC}") = "16. HalfSum", "16. HalfSum\16. HalfSum.csproj", "{A5C47609-9CF4-4C0E-84BD-B4F850F66250}"
EndProject
Project("{FAE04EC0-301F-11D3-BF4B-00C04F79EFBC}") = "17. Sunglasses", "17. Sunglasses\17. Sunglasses.csproj", "{B49C1B60-5446-4AD4-B99D-19A3DAFEA858}"
EndProject
Global
	GlobalSection(SolutionConfigurationPlatforms) = preSolution
		Debug|Any CPU = Debug|Any CPU
		Release|Any CPU = Release|Any CPU
	EndGlobalSection
	GlobalSection(ProjectConfigurationPlatforms) = postSolution
		{353FC347-1E6F-46F1-9CFF-682A1E5CFA44}.Debug|Any CPU.ActiveCfg = Debug|Any CPU
		{353FC347-1E6F-46F1-9CFF-682A1E5CFA44}.Debug|Any CPU.Build.0 = Debug|Any CPU
		{353FC347-1E6F-46F1-9CFF-682A1E5CFA44}.Release|Any CPU.ActiveCfg = Release|Any CPU
		{353FC347-1E6F-46F1-9CFF-682A1E5CFA44}.Release|Any CPU.Build.0 = Release|Any CPU
		{DAC21D6C-D9B3-4DFC-ADA8-422984F32CDE}.Debug|Any CPU.ActiveCfg = Debug|Any CPU
		{DAC21D6C-D9B3-4DFC-ADA8-422984F32CDE}.Debug|Any CPU.Build.0 = Debug|Any CPU
		{DAC21D6C-D9B3-4DFC-ADA8-422984F32CDE}.Release|Any CPU.ActiveCfg = Release|Any CPU
		{DAC21D6C-D9B3-4DFC-ADA8-422984F32CDE}.Release|Any CPU.Build.0 = Release|Any CPU
		{8F0986EF-C7EE-4E04-9955-91DA56F2D352}.Debug|Any CPU.ActiveCfg = Debug|Any CPU
		{8F0986EF-C7EE-4E04-9955-91DA56F2D352}.Debug|Any CPU.Build.0 = Debug|Any CPU
		{8F0986EF-C7EE-4E04-9955-91DA56F2D352}.Release|Any CPU.ActiveCfg = Release|Any CPU
		{8F0986EF-C7EE-4E04-9955-91DA56F2D352}.Release|Any CPU.Build.0 = Release|Any CPU
		{41F05253-5AC5-4054-A14C-689043163E27}.Debug|Any CPU.ActiveCfg = Debug|Any CPU
		{41F05253-5AC5-4054-A14C-689043163E27}.Debug|Any CPU.Build.0 = Debug|Any CPU
		{41F05253-5AC5-4054-A14C-689043163E27}.Release|Any CPU.ActiveCfg = Release|Any CPU
		{41F05253-5AC5-4054-A14C-689043163E27}.Release|Any CPU.Build.0 = Release|Any CPU
		{5575E76C-0ED8-44EE-8CF7-F9EC9C613DE5}.Debug|Any CPU.ActiveCfg = Debug|Any CPU
		{5575E76C-0ED8-44EE-8CF7-F9EC9C613DE5}.Debug|Any CPU.Build.0 = Debug|Any CPU
		{5575E76C-0ED8-44EE-8CF7-F9EC9C613DE5}.Release|Any CPU.ActiveCfg = Release|Any CPU
		{5575E76C-0ED8-44EE-8CF7-F9EC9C613DE5}.Release|Any CPU.Build.0 = Release|Any CPU
		{4372BB29-31E2-464B-BD49-6B6A4B2E692E}.Debug|Any CPU.ActiveCfg = Debug|Any CPU
		{4372BB29-31E2-464B-BD49-6B6A4B2E692E}.Debug|Any CPU.Build.0 = Debug|Any CPU
		{4372BB29-31E2-464B-BD49-6B6A4B2E692E}.Release|Any CPU.ActiveCfg = Release|Any CPU
		{4372BB29-31E2-464B-BD49-6B6A4B2E692E}.Release|Any CPU.Build.0 = Release|Any CPU
		{EFD840F0-C689-4EA2-AFBD-28FA53EC1CF6}.Debug|Any CPU.ActiveCfg = Debug|Any CPU
		{EFD840F0-C689-4EA2-AFBD-28FA53EC1CF6}.Debug|Any CPU.Build.0 = Debug|Any CPU
		{EFD840F0-C689-4EA2-AFBD-28FA53EC1CF6}.Release|Any CPU.ActiveCfg = Release|Any CPU
		{EFD840F0-C689-4EA2-AFBD-28FA53EC1CF6}.Release|Any CPU.Build.0 = Release|Any CPU
		{A9712366-F479-44C7-A624-44D5E4681659}.Debug|Any CPU.ActiveCfg = Debug|Any CPU
		{A9712366-F479-44C7-A624-44D5E4681659}.Debug|Any CPU.Build.0 = Debug|Any CPU
		{A9712366-F479-44C7-A624-44D5E4681659}.Release|Any CPU.ActiveCfg = Release|Any CPU
		{A9712366-F479-44C7-A624-44D5E4681659}.Release|Any CPU.Build.0 = Release|Any CPU
		{FD4C8D95-5D83-4FDE-8503-A0285F2690D1}.Debug|Any CPU.ActiveCfg = Debug|Any CPU
		{FD4C8D95-5D83-4FDE-8503-A0285F2690D1}.Debug|Any CPU.Build.0 = Debug|Any CPU
		{FD4C8D95-5D83-4FDE-8503-A0285F2690D1}.Release|Any CPU.ActiveCfg = Release|Any CPU
		{FD4C8D95-5D83-4FDE-8503-A0285F2690D1}.Release|Any CPU.Build.0 = Release|Any CPU
		{5EDC0761-2755-4410-AB39-DDF6E0D4370D}.Debug|Any CPU.ActiveCfg = Debug|Any CPU
		{5EDC0761-2755-4410-AB39-DDF6E0D4370D}.Debug|Any CPU.Build.0 = Debug|Any CPU
		{5EDC0761-2755-4410-AB39-DDF6E0D4370D}.Release|Any CPU.ActiveCfg = Release|Any CPU
		{5EDC0761-2755-4410-AB39-DDF6E0D4370D}.Release|Any CPU.Build.0 = Release|Any CPU
		{5493CE67-3F6B-48C0-85E5-B1FD6F11A59C}.Debug|Any CPU.ActiveCfg = Debug|Any CPU
		{5493CE67-3F6B-48C0-85E5-B1FD6F11A59C}.Debug|Any CPU.Build.0 = Debug|Any CPU
		{5493CE67-3F6B-48C0-85E5-B1FD6F11A59C}.Release|Any CPU.ActiveCfg = Release|Any CPU
		{5493CE67-3F6B-48C0-85E5-B1FD6F11A59C}.Release|Any CPU.Build.0 = Release|Any CPU
		{447CD55A-D09E-4534-A6C9-95E4EAA4E77B}.Debug|Any CPU.ActiveCfg = Debug|Any CPU
		{447CD55A-D09E-4534-A6C9-95E4EAA4E77B}.Debug|Any CPU.Build.0 = Debug|Any CPU
		{447CD55A-D09E-4534-A6C9-95E4EAA4E77B}.Release|Any CPU.ActiveCfg = Release|Any CPU
		{447CD55A-D09E-4534-A6C9-95E4EAA4E77B}.Release|Any CPU.Build.0 = Release|Any CPU
		{34EBB3E0-5B1C-49B0-8C32-BC212BDB65CF}.Debug|Any CPU.ActiveCfg = Debug|Any CPU
		{34EBB3E0-5B1C-49B0-8C32-BC212BDB65CF}.Debug|Any CPU.Build.0 = Debug|Any CPU
		{34EBB3E0-5B1C-49B0-8C32-BC212BDB65CF}.Release|Any CPU.ActiveCfg = Release|Any CPU
		{34EBB3E0-5B1C-49B0-8C32-BC212BDB65CF}.Release|Any CPU.Build.0 = Release|Any CPU
		{7B48609A-3477-4D5D-AD29-071558CCEBC1}.Debug|Any CPU.ActiveCfg = Debug|Any CPU
		{7B48609A-3477-4D5D-AD29-071558CCEBC1}.Debug|Any CPU.Build.0 = Debug|Any CPU
		{7B48609A-3477-4D5D-AD29-071558CCEBC1}.Release|Any CPU.ActiveCfg = Release|Any CPU
		{7B48609A-3477-4D5D-AD29-071558CCEBC1}.Release|Any CPU.Build.0 = Release|Any CPU
		{52B4F43F-CBAC-499E-8F60-487DE485492E}.Debug|Any CPU.ActiveCfg = Debug|Any CPU
		{52B4F43F-CBAC-499E-8F60-487DE485492E}.Debug|Any CPU.Build.0 = Debug|Any CPU
		{52B4F43F-CBAC-499E-8F60-487DE485492E}.Release|Any CPU.ActiveCfg = Release|Any CPU
		{52B4F43F-CBAC-499E-8F60-487DE485492E}.Release|Any CPU.Build.0 = Release|Any CPU
		{A5C47609-9CF4-4C0E-84BD-B4F850F66250}.Debug|Any CPU.ActiveCfg = Debug|Any CPU
		{A5C47609-9CF4-4C0E-84BD-B4F850F66250}.Debug|Any CPU.Build.0 = Debug|Any CPU
		{A5C47609-9CF4-4C0E-84BD-B4F850F66250}.Release|Any CPU.ActiveCfg = Release|Any CPU
		{A5C47609-9CF4-4C0E-84BD-B4F850F66250}.Release|Any CPU.Build.0 = Release|Any CPU
		{B49C1B60-5446-4AD4-B99D-19A3DAFEA858}.Debug|Any CPU.ActiveCfg = Debug|Any CPU
		{B49C1B60-5446-4AD4-B99D-19A3DAFEA858}.Debug|Any CPU.Build.0 = Debug|Any CPU
		{B49C1B60-5446-4AD4-B99D-19A3DAFEA858}.Release|Any CPU.ActiveCfg = Release|Any CPU
		{B49C1B60-5446-4AD4-B99D-19A3DAFEA858}.Release|Any CPU.Build.0 = Release|Any CPU
	EndGlobalSection
	GlobalSection(SolutionProperties) = preSolution
		HideSolutionNode = FALSE
	EndGlobalSection
EndGlobal
